
Microsoft Visual Studio Solution File, Format Version 12.00
# Visual Studio Version 17
VisualStudioVersion = 17.4.33122.133
MinimumVisualStudioVersion = 10.0.40219.1
Project("{FAE04EC0-301F-11D3-BF4B-00C04F79EFBC}") = "Student Management System", "Student Management System\Student Management System.csproj", "{7E04D1CA-4C2B-4A5B-949C-308531766A4B}"
EndProject
Global
	GlobalSection(SolutionConfigurationPlatforms) = preSolution
		Debug|Any CPU = Debug|Any CPU
		Release|Any CPU = Release|Any CPU
	EndGlobalSection
	GlobalSection(ProjectConfigurationPlatforms) = postSolution
		{7E04D1CA-4C2B-4A5B-949C-308531766A4B}.Debug|Any CPU.ActiveCfg = Debug|Any CPU
		{7E04D1CA-4C2B-4A5B-949C-308531766A4B}.Debug|Any CPU.Build.0 = Debug|Any CPU
		{7E04D1CA-4C2B-4A5B-949C-308531766A4B}.Release|Any CPU.ActiveCfg = Release|Any CPU
		{7E04D1CA-4C2B-4A5B-949C-308531766A4B}.Release|Any CPU.Build.0 = Release|Any CPU
	EndGlobalSection
	GlobalSection(SolutionProperties) = preSolution
		HideSolutionNode = FALSE
	EndGlobalSection
	GlobalSection(ExtensibilityGlobals) = postSolution
		SolutionGuid = {E15307BD-D849-4A9C-87BA-CF61B41AEEB5}
	EndGlobalSection
EndGlobal
